
Microsoft Visual Studio Solution File, Format Version 12.00
# Visual Studio Version 16
VisualStudioVersion = 16.0.30330.147
MinimumVisualStudioVersion = 10.0.40219.1
Project("{FAE04EC0-301F-11D3-BF4B-00C04F79EFBC}") = "struct Students HW Yuri-CSharp", "struct Students HW Yuri-CSharp\struct Students HW Yuri-CSharp.csproj", "{2DD895D3-ADA2-4855-994C-20B9CFB7CD67}"
EndProject
Global
	GlobalSection(SolutionConfigurationPlatforms) = preSolution
		Debug|Any CPU = Debug|Any CPU
		Release|Any CPU = Release|Any CPU
	EndGlobalSection
	GlobalSection(ProjectConfigurationPlatforms) = postSolution
		{2DD895D3-ADA2-4855-994C-20B9CFB7CD67}.Debug|Any CPU.ActiveCfg = Debug|Any CPU
		{2DD895D3-ADA2-4855-994C-20B9CFB7CD67}.Debug|Any CPU.Build.0 = Debug|Any CPU
		{2DD895D3-ADA2-4855-994C-20B9CFB7CD67}.Release|Any CPU.ActiveCfg = Release|Any CPU
		{2DD895D3-ADA2-4855-994C-20B9CFB7CD67}.Release|Any CPU.Build.0 = Release|Any CPU
	EndGlobalSection
	GlobalSection(SolutionProperties) = preSolution
		HideSolutionNode = FALSE
	EndGlobalSection
	GlobalSection(ExtensibilityGlobals) = postSolution
		SolutionGuid = {0F19FD4B-3E8B-46ED-9D0C-E9D3F251861D}
	EndGlobalSection
EndGlobal
